
Microsoft Visual Studio Solution File, Format Version 12.00
# Visual Studio 15
VisualStudioVersion = 15.0.27130.2020
MinimumVisualStudioVersion = 10.0.40219.1
Project("{FAE04EC0-301F-11D3-BF4B-00C04F79EFBC}") = "ContractFix", "ContractFix\ContractFix\ContractFix.csproj", "{1C4E956D-4BAB-47FB-906E-1C9D60FB4266}"
EndProject
Project("{FAE04EC0-301F-11D3-BF4B-00C04F79EFBC}") = "ContractFix.Test", "ContractFix\ContractFix.Test\ContractFix.Test.csproj", "{FEA21D94-6D81-41BC-8803-33EE93DA1100}"
EndProject
Project("{FAE04EC0-301F-11D3-BF4B-00C04F79EFBC}") = "ContractFix.Vsix", "ContractFix\ContractFix.Vsix\ContractFix.Vsix.csproj", "{8EBBF6D7-8E7B-4281-9C87-111775CD2642}"
EndProject
Global
	GlobalSection(SolutionConfigurationPlatforms) = preSolution
		Debug|Any CPU = Debug|Any CPU
		Release|Any CPU = Release|Any CPU
	EndGlobalSection
	GlobalSection(ProjectConfigurationPlatforms) = postSolution
		{1C4E956D-4BAB-47FB-906E-1C9D60FB4266}.Debug|Any CPU.ActiveCfg = Debug|Any CPU
		{1C4E956D-4BAB-47FB-906E-1C9D60FB4266}.Debug|Any CPU.Build.0 = Debug|Any CPU
		{1C4E956D-4BAB-47FB-906E-1C9D60FB4266}.Release|Any CPU.ActiveCfg = Release|Any CPU
		{1C4E956D-4BAB-47FB-906E-1C9D60FB4266}.Release|Any CPU.Build.0 = Release|Any CPU
		{FEA21D94-6D81-41BC-8803-33EE93DA1100}.Debug|Any CPU.ActiveCfg = Debug|Any CPU
		{FEA21D94-6D81-41BC-8803-33EE93DA1100}.Debug|Any CPU.Build.0 = Debug|Any CPU
		{FEA21D94-6D81-41BC-8803-33EE93DA1100}.Release|Any CPU.ActiveCfg = Release|Any CPU
		{FEA21D94-6D81-41BC-8803-33EE93DA1100}.Release|Any CPU.Build.0 = Release|Any CPU
		{8EBBF6D7-8E7B-4281-9C87-111775CD2642}.Debug|Any CPU.ActiveCfg = Debug|Any CPU
		{8EBBF6D7-8E7B-4281-9C87-111775CD2642}.Debug|Any CPU.Build.0 = Debug|Any CPU
		{8EBBF6D7-8E7B-4281-9C87-111775CD2642}.Release|Any CPU.ActiveCfg = Release|Any CPU
		{8EBBF6D7-8E7B-4281-9C87-111775CD2642}.Release|Any CPU.Build.0 = Release|Any CPU
	EndGlobalSection
	GlobalSection(SolutionProperties) = preSolution
		HideSolutionNode = FALSE
	EndGlobalSection
	GlobalSection(ExtensibilityGlobals) = postSolution
		SolutionGuid = {D143C99F-19AA-4A23-9E16-2AA269B218E9}
	EndGlobalSection
EndGlobal
